Microsoft Visual Studio Solution File, Format Version 12.00
# Visual Studio Version 17
VisualStudioVersion = 17.5.2.0
MinimumVisualStudioVersion = 10.0.40219.1
Project("{2150E333-8FDC-42A3-9474-1A3956D46DE8}") = "helper", "helper", "{6E3B80E4-E889-6BA4-2A7C-AE44FC211B39}"
EndProject
Project("{FAE04EC0-301F-11D3-BF4B-00C04F79EFBC}") = "SpotifySmtcHelper", "helper\SpotifySmtcHelper\SpotifySmtcHelper.csproj", "{2191E13C-8C82-1856-374B-1CBE7CB7537B}"
EndProject
Global
	GlobalSection(SolutionConfigurationPlatforms) = preSolution
		Debug|Any CPU = Debug|Any CPU
		Release|Any CPU = Release|Any CPU
	EndGlobalSection
	GlobalSection(ProjectConfigurationPlatforms) = postSolution
		{2191E13C-8C82-1856-374B-1CBE7CB7537B}.Debug|Any CPU.ActiveCfg = Debug|Any CPU
		{2191E13C-8C82-1856-374B-1CBE7CB7537B}.Debug|Any CPU.Build.0 = Debug|Any CPU
		{2191E13C-8C82-1856-374B-1CBE7CB7537B}.Release|Any CPU.ActiveCfg = Release|Any CPU
		{2191E13C-8C82-1856-374B-1CBE7CB7537B}.Release|Any CPU.Build.0 = Release|Any CPU
	EndGlobalSection
	GlobalSection(SolutionProperties) = preSolution
		HideSolutionNode = FALSE
	EndGlobalSection
	GlobalSection(NestedProjects) = preSolution
		{2191E13C-8C82-1856-374B-1CBE7CB7537B} = {6E3B80E4-E889-6BA4-2A7C-AE44FC211B39}
	EndGlobalSection
	GlobalSection(ExtensibilityGlobals) = postSolution
		SolutionGuid = {EB8D710B-4EAD-4CD1-ACFE-5D3B6B9454DC}
	EndGlobalSection
EndGlobal
